github.com/MRHT-SRProject/LibRawGo v1.20.1-0.20221017224054-504e05b2290e h1:9ZgsXYbiw4R8mbjaS+sXL8mQqz21ZkMDA38WIa8mvWg=
github.com/MRHT-SRProject/LibRawGo v1.20.1-0.20221017224054-504e05b2290e/go.mod h1:1loa8kGLT0AbfLxDHCX+FYZVgOrJqXWgeAK9OVcvlQ8=
github.com/MRHT-SRProject/LibRawGo v1.20.1-0.20221018015750-496d25dcf182 h1:QOuiidSZqMid9WTAgATynka/wotSbjsVnZG386LUCJg=
github.com/MRHT-SRProject/LibRawGo v1.20.1-0.20221018015750-496d25dcf182/go.mod h1:1loa8kGLT0AbfLxDHCX+FYZVgOrJqXWgeAK9OVcvlQ8=
github.com/MRHT-SRProject/LibRawGo v1.20.1-0.20221018020736-4004c425be81 h1:UmbRXOqjyWuKR760aQYt6F+8LZfaGahBxCLliVGuAfc=
github.com/MRHT-SRProject/LibRawGo v1.20.1-0.20221018020736-4004c425be81/go.mod h1:1loa8kGLT0AbfLxDHCX+FYZVgOrJqXWgeAK9OVcvlQ8=
